
Microsoft Visual Studio Solution File, Format Version 12.00
# Visual Studio 15
VisualStudioVersion = 15.0.27703.2042
MinimumVisualStudioVersion = 10.0.40219.1
Project("{8BC9CEB8-8B4A-11D0-8D11-00A0C91BC942}") = "C_lab5_pro13_pointers", "C_lab5_pro13_pointers\C_lab5_pro13_pointers.vcxproj", "{0C64BCB5-10D0-42C5-8562-EE02852B2F84}"
EndProject
Global
	GlobalSection(SolutionConfigurationPlatforms) = preSolution
		Debug|x64 = Debug|x64
		Debug|x86 = Debug|x86
		Release|x64 = Release|x64
		Release|x86 = Release|x86
	EndGlobalSection
	GlobalSection(ProjectConfigurationPlatforms) = postSolution
		{0C64BCB5-10D0-42C5-8562-EE02852B2F84}.Debug|x64.ActiveCfg = Debug|x64
		{0C64BCB5-10D0-42C5-8562-EE02852B2F84}.Debug|x64.Build.0 = Debug|x64
		{0C64BCB5-10D0-42C5-8562-EE02852B2F84}.Debug|x86.ActiveCfg = Debug|Win32
		{0C64BCB5-10D0-42C5-8562-EE02852B2F84}.Debug|x86.Build.0 = Debug|Win32
		{0C64BCB5-10D0-42C5-8562-EE02852B2F84}.Release|x64.ActiveCfg = Release|x64
		{0C64BCB5-10D0-42C5-8562-EE02852B2F84}.Release|x64.Build.0 = Release|x64
		{0C64BCB5-10D0-42C5-8562-EE02852B2F84}.Release|x86.ActiveCfg = Release|Win32
		{0C64BCB5-10D0-42C5-8562-EE02852B2F84}.Release|x86.Build.0 = Release|Win32
	EndGlobalSection
	GlobalSection(SolutionProperties) = preSolution
		HideSolutionNode = FALSE
	EndGlobalSection
	GlobalSection(ExtensibilityGlobals) = postSolution
		SolutionGuid = {2E97EB86-DAE7-4B54-B4AF-AF98E8BC9D26}
	EndGlobalSection
EndGlobal
